
Microsoft Visual Studio Solution File, Format Version 12.00
# Visual Studio 15
VisualStudioVersion = 15.0.28307.1684
MinimumVisualStudioVersion = 10.0.40219.1
Project("{8BC9CEB8-8B4A-11D0-8D11-00A0C91BC942}") = "winprogram", "winprogram\winprogram.vcxproj", "{B54E2B3B-B0B1-4176-8991-CC66F01D8CD9}"
EndProject
Project("{8BC9CEB8-8B4A-11D0-8D11-00A0C91BC942}") = "StringTest", "StringTest\StringTest.vcxproj", "{7EBEA91F-AD1D-4DAC-B532-7136CDB31E17}"
EndProject
Global
	GlobalSection(SolutionConfigurationPlatforms) = preSolution
		Debug|x64 = Debug|x64
		Debug|x86 = Debug|x86
		Release|x64 = Release|x64
		Release|x86 = Release|x86
	EndGlobalSection
	GlobalSection(ProjectConfigurationPlatforms) = postSolution
		{B54E2B3B-B0B1-4176-8991-CC66F01D8CD9}.Debug|x64.ActiveCfg = Debug|x64
		{B54E2B3B-B0B1-4176-8991-CC66F01D8CD9}.Debug|x64.Build.0 = Debug|x64
		{B54E2B3B-B0B1-4176-8991-CC66F01D8CD9}.Debug|x86.ActiveCfg = Debug|Win32
		{B54E2B3B-B0B1-4176-8991-CC66F01D8CD9}.Debug|x86.Build.0 = Debug|Win32
		{B54E2B3B-B0B1-4176-8991-CC66F01D8CD9}.Release|x64.ActiveCfg = Release|x64
		{B54E2B3B-B0B1-4176-8991-CC66F01D8CD9}.Release|x64.Build.0 = Release|x64
		{B54E2B3B-B0B1-4176-8991-CC66F01D8CD9}.Release|x86.ActiveCfg = Release|Win32
		{B54E2B3B-B0B1-4176-8991-CC66F01D8CD9}.Release|x86.Build.0 = Release|Win32
		{7EBEA91F-AD1D-4DAC-B532-7136CDB31E17}.Debug|x64.ActiveCfg = Debug|x64
		{7EBEA91F-AD1D-4DAC-B532-7136CDB31E17}.Debug|x64.Build.0 = Debug|x64
		{7EBEA91F-AD1D-4DAC-B532-7136CDB31E17}.Debug|x86.ActiveCfg = Debug|Win32
		{7EBEA91F-AD1D-4DAC-B532-7136CDB31E17}.Debug|x86.Build.0 = Debug|Win32
		{7EBEA91F-AD1D-4DAC-B532-7136CDB31E17}.Release|x64.ActiveCfg = Release|x64
		{7EBEA91F-AD1D-4DAC-B532-7136CDB31E17}.Release|x64.Build.0 = Release|x64
		{7EBEA91F-AD1D-4DAC-B532-7136CDB31E17}.Release|x86.ActiveCfg = Release|Win32
		{7EBEA91F-AD1D-4DAC-B532-7136CDB31E17}.Release|x86.Build.0 = Release|Win32
	EndGlobalSection
	GlobalSection(SolutionProperties) = preSolution
		HideSolutionNode = FALSE
	EndGlobalSection
	GlobalSection(ExtensibilityGlobals) = postSolution
		SolutionGuid = {FD70FF96-1A2E-4B82-B2FB-422B62E7F066}
	EndGlobalSection
EndGlobal
